{
  "name": "cli",
  "version": "1.0.0",
  "lockfileVersion": 1,
  "requires": true,
  "dependencies": {
    "chalk": {
      "version": "http://registry.npm.taobao.org/chalk/download/chalk-2.3.0.tgz",
      "requires": {
        "ansi-styles": "http://registry.npm.taobao.org/ansi-styles/download/ansi-styles-3.2.0.tgz",
        "escape-string-regexp": "http://registry.npm.taobao.org/escape-string-regexp/download/escape-string-regexp-1.0.5.tgz",
        "supports-color": "http://registry.npm.taobao.org/supports-color/download/supports-color-4.5.0.tgz"
      },
      "dependencies": {
        "ansi-styles": {
          "version": "http://registry.npm.taobao.org/ansi-styles/download/ansi-styles-3.2.0.tgz",
          "bundled": true,
          "requires": {
            "color-convert": "1.9.0"
          },
          "dependencies": {
            "color-convert": {
              "version": "1.9.0",
              "bundled": true,
              "requires": {
                "color-name": "http://registry.npm.taobao.org/color-name/download/color-name-1.1.3.tgz"
              },
              "dependencies": {
                "color-name": {
                  "version": "http://registry.npm.taobao.org/color-name/download/color-name-1.1.3.tgz"
                }
              }
            }
          }
        },
        "escape-string-regexp": {
          "version": "http://registry.npm.taobao.org/escape-string-regexp/download/escape-string-regexp-1.0.5.tgz",
          "bundled": true
        },
        "supports-color": {
          "version": "http://registry.npm.taobao.org/supports-color/download/supports-color-4.5.0.tgz",
          "bundled": true,
          "requires": {
            "has-flag": "http://registry.npm.taobao.org/has-flag/download/has-flag-2.0.0.tgz"
          },
          "dependencies": {
            "has-flag": {
              "version": "http://registry.npm.taobao.org/has-flag/download/has-flag-2.0.0.tgz"
            }
          }
        }
      }
    }
  }
}
